
Microsoft Visual Studio Solution File, Format Version 12.00
# Visual Studio Version 16
VisualStudioVersion = 16.0.31702.278
MinimumVisualStudioVersion = 10.0.40219.1
Project("{9A19103F-16F7-4668-BE54-9A1E7A4F7556}") = "MatchOddsProject", "MatchOddsProject.csproj", "{71F89E59-08BC-4C3B-A294-3ECF90D9885C}"
EndProject
Global
	GlobalSection(SolutionConfigurationPlatforms) = preSolution
		Debug|Any CPU = Debug|Any CPU
		Release|Any CPU = Release|Any CPU
	EndGlobalSection
	GlobalSection(ProjectConfigurationPlatforms) = postSolution
		{71F89E59-08BC-4C3B-A294-3ECF90D9885C}.Debug|Any CPU.ActiveCfg = Debug|Any CPU
		{71F89E59-08BC-4C3B-A294-3ECF90D9885C}.Debug|Any CPU.Build.0 = Debug|Any CPU
		{71F89E59-08BC-4C3B-A294-3ECF90D9885C}.Release|Any CPU.ActiveCfg = Release|Any CPU
		{71F89E59-08BC-4C3B-A294-3ECF90D9885C}.Release|Any CPU.Build.0 = Release|Any CPU
	EndGlobalSection
	GlobalSection(SolutionProperties) = preSolution
		HideSolutionNode = FALSE
	EndGlobalSection
	GlobalSection(ExtensibilityGlobals) = postSolution
		SolutionGuid = {F6EFFBC9-8440-4F30-A580-0068E609F3BF}
	EndGlobalSection
EndGlobal
